
Microsoft Visual Studio Solution File, Format Version 12.00
# Visual Studio Version 17
VisualStudioVersion = 17.3.32819.101
MinimumVisualStudioVersion = 10.0.40219.1
Project("{FAE04EC0-301F-11D3-BF4B-00C04F79EFBC}") = "GitOut", "GitOut\GitOut.csproj", "{D893ABB2-AF2D-4B19-9FA7-9F58F85D6E18}"
EndProject
Global
	GlobalSection(SolutionConfigurationPlatforms) = preSolution
		Debug|Any CPU = Debug|Any CPU
		Release|Any CPU = Release|Any CPU
	EndGlobalSection
	GlobalSection(ProjectConfigurationPlatforms) = postSolution
		{D893ABB2-AF2D-4B19-9FA7-9F58F85D6E18}.Debug|Any CPU.ActiveCfg = Debug|Any CPU
		{D893ABB2-AF2D-4B19-9FA7-9F58F85D6E18}.Debug|Any CPU.Build.0 = Debug|Any CPU
		{D893ABB2-AF2D-4B19-9FA7-9F58F85D6E18}.Release|Any CPU.ActiveCfg = Release|Any CPU
		{D893ABB2-AF2D-4B19-9FA7-9F58F85D6E18}.Release|Any CPU.Build.0 = Release|Any CPU
	EndGlobalSection
	GlobalSection(SolutionProperties) = preSolution
		HideSolutionNode = FALSE
	EndGlobalSection
	GlobalSection(ExtensibilityGlobals) = postSolution
		SolutionGuid = {21F47F2B-6FD7-4CBA-A5CA-82B5FE83DF33}
	EndGlobalSection
EndGlobal
